
Microsoft Visual Studio Solution File, Format Version 12.00
# Visual Studio Version 17
VisualStudioVersion = 17.14.36603.0 d17.14
MinimumVisualStudioVersion = 10.0.40219.1
Project("{FAE04EC0-301F-11D3-BF4B-00C04F79EFBC}") = "WebApplication1", "WebApplication1.csproj", "{DE98BDF6-75FC-4B3A-8942-9445C2E940DB}"
EndProject
Global
	GlobalSection(SolutionConfigurationPlatforms) = preSolution
		Debug|Any CPU = Debug|Any CPU
		Release|Any CPU = Release|Any CPU
	EndGlobalSection
	GlobalSection(ProjectConfigurationPlatforms) = postSolution
		{DE98BDF6-75FC-4B3A-8942-9445C2E940DB}.Debug|Any CPU.ActiveCfg = Debug|Any CPU
		{DE98BDF6-75FC-4B3A-8942-9445C2E940DB}.Debug|Any CPU.Build.0 = Debug|Any CPU
		{DE98BDF6-75FC-4B3A-8942-9445C2E940DB}.Release|Any CPU.ActiveCfg = Release|Any CPU
		{DE98BDF6-75FC-4B3A-8942-9445C2E940DB}.Release|Any CPU.Build.0 = Release|Any CPU
	EndGlobalSection
	GlobalSection(SolutionProperties) = preSolution
		HideSolutionNode = FALSE
	EndGlobalSection
	GlobalSection(ExtensibilityGlobals) = postSolution
		SolutionGuid = {D5530750-035B-4901-A819-EAAE6CF4D990}
	EndGlobalSection
EndGlobal
